Microsoft Visual Studio Solution File, Format Version 12.00
# Visual Studio Version 17
VisualStudioVersion = 17.5.2.0
MinimumVisualStudioVersion = 10.0.40219.1
Project("{2150E333-8FDC-42A3-9474-1A3956D46DE8}") = "evm-management", "evm-management", "{6459D9DC-76DD-5B57-0356-78F5E0F74F2E}"
EndProject
Project("{FAE04EC0-301F-11D3-BF4B-00C04F79EFBC}") = "server", "evm-management\server\server.csproj", "{CF2D4B15-89FE-B6C9-FE97-C755AA1B0499}"
EndProject
Global
	GlobalSection(SolutionConfigurationPlatforms) = preSolution
		Debug|Any CPU = Debug|Any CPU
		Release|Any CPU = Release|Any CPU
	EndGlobalSection
	GlobalSection(ProjectConfigurationPlatforms) = postSolution
		{CF2D4B15-89FE-B6C9-FE97-C755AA1B0499}.Debug|Any CPU.ActiveCfg = Debug|Any CPU
		{CF2D4B15-89FE-B6C9-FE97-C755AA1B0499}.Debug|Any CPU.Build.0 = Debug|Any CPU
		{CF2D4B15-89FE-B6C9-FE97-C755AA1B0499}.Release|Any CPU.ActiveCfg = Release|Any CPU
		{CF2D4B15-89FE-B6C9-FE97-C755AA1B0499}.Release|Any CPU.Build.0 = Release|Any CPU
	EndGlobalSection
	GlobalSection(SolutionProperties) = preSolution
		HideSolutionNode = FALSE
	EndGlobalSection
	GlobalSection(NestedProjects) = preSolution
		{CF2D4B15-89FE-B6C9-FE97-C755AA1B0499} = {6459D9DC-76DD-5B57-0356-78F5E0F74F2E}
	EndGlobalSection
	GlobalSection(ExtensibilityGlobals) = postSolution
		SolutionGuid = {A0825690-7305-449F-A495-B6F9EACC04B1}
	EndGlobalSection
EndGlobal
